# THIS IS AN AUTOGENERATED FILE. DO NOT EDIT THIS FILE DIRECTLY.
# yarn lockfile v1


csv-parse@^4.11.1:
  version "4.11.1"
  resolved "https://registry.yarnpkg.com/csv-parse/-/csv-parse-4.11.1.tgz#3935a7862d7e431020a25538905dec0153fa75bd"
  integrity sha512-cH2BG5Gd0u4G8qVI/jGXJSP2+El7Vy91/ZD3ehKALAWids1aIKOPhZ1ZVJzUrs2zTn6aGumVPBlbHsI91kI83A==

node-fetch@^2.6.0:
  version "2.6.0"
  resolved "https://registry.yarnpkg.com/node-fetch/-/node-fetch-2.6.0.tgz#e633456386d4aa55863f676a7ab0daa8fdecb0fd"
  integrity sha512-8dG4H5ujfvFiqDmVu9fQ5bOHUC15JMjMY/Zumv26oOvvVJjM67KF8koCWIabKQ1GJIa9r2mMZscBq/TbdOcmNA==
